// !$*UTF8*$!
{
	archiveVersion = 1;
	classes = {
	};
	objectVersion = 46;
	objects = {

/* Begin PBXBuildFile section */
		AF18B28B1D1CD8B600E6254C /* HSTTabBarController.m in Sources */ = {isa = PBXBuildFile; fileRef = AF18B28A1D1CD8B600E6254C /* HSTTabBarController.m */; };
		AF18B28E1D1CD8EE00E6254C /* HSTNavController.m in Sources */ = {isa = PBXBuildFile; fileRef = AF18B28D1D1CD8EE00E6254C /* HSTNavController.m */; };
		AF18B2911D1CDA3300E6254C /* HSTHomePageViewController.m in Sources */ = {isa = PBXBuildFile; fileRef = AF18B2901D1CDA3300E6254C /* HSTHomePageViewController.m */; };
		AF18B2941D1CDABE00E6254C /* HSTNutrFoodViewController.m in Sources */ = {isa = PBXBuildFile; fileRef = AF18B2931D1CDABE00E6254C /* HSTNutrFoodViewController.m */; };
		AF18B2971D1CDB2700E6254C /* HSTNutrRecordViewController.m in Sources */ = {isa = PBXBuildFile; fileRef = AF18B2961D1CDB2700E6254C /* HSTNutrRecordViewController.m */; };
		AF18B29A1D1CDC5000E6254C /* HSTNtrQuestrionViewController.m in Sources */ = {isa = PBXBuildFile; fileRef = AF18B2991D1CDC5000E6254C /* HSTNtrQuestrionViewController.m */; };
		AF18B29D1D1CDCD400E6254C /* ParentsFiledViewController.m in Sources */ = {isa = PBXBuildFile; fileRef = AF18B29C1D1CDCD400E6254C /* ParentsFiledViewController.m */; };
		AF18B2A01D1D1D9700E6254C /* UIImage+Image.m in Sources */ = {isa = PBXBuildFile; fileRef = AF18B29F1D1D1D9700E6254C /* UIImage+Image.m */; };
		AF18B2A31D1D379F00E6254C /* UIBarButtonItem+Item.m in Sources */ = {isa = PBXBuildFile; fileRef = AF18B2A21D1D379F00E6254C /* UIBarButtonItem+Item.m */; };
		AF4D3EB61D195CC100C593B3 /* bindViewController.m in Sources */ = {isa = PBXBuildFile; fileRef = AF4D3EB51D195CC100C593B3 /* bindViewController.m */; };
		AF4D3EB91D195F8D00C593B3 /* DateFiled.m in Sources */ = {isa = PBXBuildFile; fileRef = AF4D3EB81D195F8D00C593B3 /* DateFiled.m */; };
		AF4D3EBC1D19786F00C593B3 /* genderPickViewController.m in Sources */ = {isa = PBXBuildFile; fileRef = AF4D3EBB1D19786F00C593B3 /* genderPickViewController.m */; };
		AF4D3EBF1D197C3C00C593B3 /* genderButton.m in Sources */ = {isa = PBXBuildFile; fileRef = AF4D3EBE1D197C3C00C593B3 /* genderButton.m */; };
		AF4D3EC21D197E2200C593B3 /* UIView+frame.m in Sources */ = {isa = PBXBuildFile; fileRef = AF4D3EC11D197E2200C593B3 /* UIView+frame.m */; };
		AF4D3EE81D19885900C593B3 /* confirmInfoViewController.m in Sources */ = {isa = PBXBuildFile; fileRef = AF4D3EE71D19885900C593B3 /* confirmInfoViewController.m */; };
		AF60001F1D1674D10047BFF4 /* 启动图.jpg in Resources */ = {isa = PBXBuildFile; fileRef = AF60001E1D1674D10047BFF4 /* 启动图.jpg */; };
		AF60002E1D168E330047BFF4 /* AppDelegate.m in Sources */ = {isa = PBXBuildFile; fileRef = AF6000231D168E330047BFF4 /* AppDelegate.m */; };
		AF77E44D1D157BC4002B6324 /* main.m in Sources */ = {isa = PBXBuildFile; fileRef = AF77E44C1D157BC4002B6324 /* main.m */; };
		AF77E4581D157BC4002B6324 /* Assets.xcassets in Resources */ = {isa = PBXBuildFile; fileRef = AF77E4571D157BC4002B6324 /* Assets.xcassets */; };
		AF77E45B1D157BC4002B6324 /* LaunchScreen.storyboard in Resources */ = {isa = PBXBuildFile; fileRef = AF77E4591D157BC4002B6324 /* LaunchScreen.storyboard */; };
		AF7C4FA61D1698EC00BFB9EC /* login.storyboard in Resources */ = {isa = PBXBuildFile; fileRef = AF7C4FA51D1698EC00BFB9EC /* login.storyboard */; };
		AF8A7B011D17DE3200E27C73 /* loginView.xib in Resources */ = {isa = PBXBuildFile; fileRef = AF8A7B001D17DE3200E27C73 /* loginView.xib */; };
		AF8A7B041D17E8E300E27C73 /* loginFiled.m in Sources */ = {isa = PBXBuildFile; fileRef = AF8A7B031D17E8E300E27C73 /* loginFiled.m */; };
		AF8A7B071D17E8F000E27C73 /* loginTextFiled.m in Sources */ = {isa = PBXBuildFile; fileRef = AF8A7B061D17E8F000E27C73 /* loginTextFiled.m */; };
		AF8A7B0B1D17F21400E27C73 /* UITextField+placeHolder.m in Sources */ = {isa = PBXBuildFile; fileRef = AF8A7B0A1D17F21400E27C73 /* UITextField+placeHolder.m */; };
		AF8A7B0E1D18224C00E27C73 /* registViewController.m in Sources */ = {isa = PBXBuildFile; fileRef = AF8A7B0D1D18224C00E27C73 /* registViewController.m */; };
		AF9AB3C81D200AE600AE2ADD /* BaseStaticViewController.m in Sources */ = {isa = PBXBuildFile; fileRef = AF9AB3C31D200AE600AE2ADD /* BaseStaticViewController.m */; };
		AF9AB3C91D200AE600AE2ADD /* MineViewController.m in Sources */ = {isa = PBXBuildFile; fileRef = AF9AB3C51D200AE600AE2ADD /* MineViewController.m */; };
		AF9AB3CF1D200EAB00AE2ADD /* RowItem.m in Sources */ = {isa = PBXBuildFile; fileRef = AF9AB3CE1D200EAB00AE2ADD /* RowItem.m */; };
		AF9AB3D21D2012A000AE2ADD /* ArrowRowItem.m in Sources */ = {isa = PBXBuildFile; fileRef = AF9AB3D11D2012A000AE2ADD /* ArrowRowItem.m */; };
		AF9AB3D51D20192800AE2ADD /* GroupItem.m in Sources */ = {isa = PBXBuildFile; fileRef = AF9AB3D41D20192800AE2ADD /* GroupItem.m */; };
		AF9AB3D81D2019D800AE2ADD /* RowCellTableViewCell.m in Sources */ = {isa = PBXBuildFile; fileRef = AF9AB3D71D2019D800AE2ADD /* RowCellTableViewCell.m */; };
		AFD439A51D16FBD500B39549 /* forgetPwd.m in Sources */ = {isa = PBXBuildFile; fileRef = AFD439A01D16FBD500B39549 /* forgetPwd.m */; };
		AFD439A61D16FBD500B39549 /* loginNav.m in Sources */ = {isa = PBXBuildFile; fileRef = AFD439A21D16FBD500B39549 /* loginNav.m */; };
		AFD439A71D16FBD500B39549 /* loginViewController.m in Sources */ = {isa = PBXBuildFile; fileRef = AFD439A41D16FBD500B39549 /* loginViewController.m */; };
		AFD439AB1D16FC1600B39549 /* loginView.m in Sources */ = {isa = PBXBuildFile; fileRef = AFD439AA1D16FC1600B39549 /* loginView.m */; };
/* End PBXBuildFile section */

/* Begin PBXFileReference section */
		AF18B2891D1CD8B600E6254C /* HSTTabBarController.h */ = {isa = PBXFileReference; fileEncoding = 4; lastKnownFileType = sourcecode.c.h; path = HSTTabBarController.h; sourceTree = "<group>"; };
		AF18B28A1D1CD8B600E6254C /* HSTTabBarController.m */ = {isa = PBXFileReference; fileEncoding = 4; lastKnownFileType = sourcecode.c.objc; path = HSTTabBarController.m; sourceTree = "<group>"; };
		AF18B28C1D1CD8EE00E6254C /* HSTNavController.h */ = {isa = PBXFileReference; fileEncoding = 4; lastKnownFileType = sourcecode.c.h; path = HSTNavController.h; sourceTree = "<group>"; };
		AF18B28D1D1CD8EE00E6254C /* HSTNavController.m */ = {isa = PBXFileReference; fileEncoding = 4; lastKnownFileType = sourcecode.c.objc; path = HSTNavController.m; sourceTree = "<group>"; };
		AF18B28F1D1CDA3300E6254C /* HSTHomePageViewController.h */ = {isa = PBXFileReference; fileEncoding = 4; lastKnownFileType = sourcecode.c.h; path = HSTHomePageViewController.h; sourceTree = "<group>"; };
		AF18B2901D1CDA3300E6254C /* HSTHomePageViewController.m */ = {isa = PBXFileReference; fileEncoding = 4; lastKnownFileType = sourcecode.c.objc; path = HSTHomePageViewController.m; sourceTree = "<group>"; };
		AF18B2921D1CDABE00E6254C /* HSTNutrFoodViewController.h */ = {isa = PBXFileReference; fileEncoding = 4; lastKnownFileType = sourcecode.c.h; path = HSTNutrFoodViewController.h; sourceTree = "<group>"; };
		AF18B2931D1CDABE00E6254C /* HSTNutrFoodViewController.m */ = {isa = PBXFileReference; fileEncoding = 4; lastKnownFileType = sourcecode.c.objc; path = HSTNutrFoodViewController.m; sourceTree = "<group>"; };
		AF18B2951D1CDB2700E6254C /* HSTNutrRecordViewController.h */ = {isa = PBXFileReference; fileEncoding = 4; lastKnownFileType = sourcecode.c.h; path = HSTNutrRecordViewController.h; sourceTree = "<group>"; };
		AF18B2961D1CDB2700E6254C /* HSTNutrRecordViewController.m */ = {isa = PBXFileReference; fileEncoding = 4; lastKnownFileType = sourcecode.c.objc; path = HSTNutrRecordViewController.m; sourceTree = "<group>"; };
		AF18B2981D1CDC5000E6254C /* HSTNtrQuestrionViewController.h */ = {isa = PBXFileReference; fileEncoding = 4; lastKnownFileType = sourcecode.c.h; path = HSTNtrQuestrionViewController.h; sourceTree = "<group>"; };
		AF18B2991D1CDC5000E6254C /* HSTNtrQuestrionViewController.m */ = {isa = PBXFileReference; fileEncoding = 4; lastKnownFileType = sourcecode.c.objc; path = HSTNtrQuestrionViewController.m; sourceTree = "<group>"; };
		AF18B29B1D1CDCD400E6254C /* ParentsFiledViewController.h */ = {isa = PBXFileReference; fileEncoding = 4; lastKnownFileType = sourcecode.c.h; path = ParentsFiledViewController.h; sourceTree = "<group>"; };
		AF18B29C1D1CDCD400E6254C /* ParentsFiledViewController.m */ = {isa = PBXFileReference; fileEncoding = 4; lastKnownFileType = sourcecode.c.objc; path = ParentsFiledViewController.m; sourceTree = "<group>"; };
		AF18B29E1D1D1D9700E6254C /* UIImage+Image.h */ = {isa = PBXFileReference; fileEncoding = 4; lastKnownFileType = sourcecode.c.h; path = "UIImage+Image.h"; sourceTree = "<group>"; };
		AF18B29F1D1D1D9700E6254C /* UIImage+Image.m */ = {isa = PBXFileReference; fileEncoding = 4; lastKnownFileType = sourcecode.c.objc; path = "UIImage+Image.m"; sourceTree = "<group>"; };
		AF18B2A11D1D379F00E6254C /* UIBarButtonItem+Item.h */ = {isa = PBXFileReference; fileEncoding = 4; lastKnownFileType = sourcecode.c.h; path = "UIBarButtonItem+Item.h"; sourceTree = "<group>"; };
		AF18B2A21D1D379F00E6254C /* UIBarButtonItem+Item.m */ = {isa = PBXFileReference; fileEncoding = 4; lastKnownFileType = sourcecode.c.objc; path = "UIBarButtonItem+Item.m"; sourceTree = "<group>"; };
		AF4D3EB41D195CC100C593B3 /* bindViewController.h */ = {isa = PBXFileReference; fileEncoding = 4; lastKnownFileType = sourcecode.c.h; path = bindViewController.h; sourceTree = "<group>"; };
		AF4D3EB51D195CC100C593B3 /* bindViewController.m */ = {isa = PBXFileReference; fileEncoding = 4; lastKnownFileType = sourcecode.c.objc; path = bindViewController.m; sourceTree = "<group>"; };
		AF4D3EB71D195F8D00C593B3 /* DateFiled.h */ = {isa = PBXFileReference; fileEncoding = 4; lastKnownFileType = sourcecode.c.h; name = DateFiled.h; path = "../../../../../../../../Zl-2 UI/Day032/code/06 自定义生日键盘/05 自定义国旗键盘2/DateTextF/DateFiled.h"; sourceTree = "<group>"; };
		AF4D3EB81D195F8D00C593B3 /* DateFiled.m */ = {isa = PBXFileReference; fileEncoding = 4; lastKnownFileType = sourcecode.c.objc; name = DateFiled.m; path = "../../../../../../../../Zl-2 UI/Day032/code/06 自定义生日键盘/05 自定义国旗键盘2/DateTextF/DateFiled.m"; sourceTree = "<group>"; };
		AF4D3EBA1D19786F00C593B3 /* genderPickViewController.h */ = {isa = PBXFileReference; fileEncoding = 4; lastKnownFileType = sourcecode.c.h; path = genderPickViewController.h; sourceTree = "<group>"; };
		AF4D3EBB1D19786F00C593B3 /* genderPickViewController.m */ = {isa = PBXFileReference; fileEncoding = 4; lastKnownFileType = sourcecode.c.objc; path = genderPickViewController.m; sourceTree = "<group>"; };
		AF4D3EBD1D197C3C00C593B3 /* genderButton.h */ = {isa = PBXFileReference; fileEncoding = 4; lastKnownFileType = sourcecode.c.h; path = genderButton.h; sourceTree = "<group>"; };
		AF4D3EBE1D197C3C00C593B3 /* genderButton.m */ = {isa = PBXFileReference; fileEncoding = 4; lastKnownFileType = sourcecode.c.objc; path = genderButton.m; sourceTree = "<group>"; };
		AF4D3EC01D197E2200C593B3 /* UIView+frame.h */ = {isa = PBXFileReference; fileEncoding = 4; lastKnownFileType = sourcecode.c.h; name = "UIView+frame.h"; path = "../../../../../../Zl-2 UI/Day041/06 彩票（自定义标题按钮交换标题）/彩票/classes/Other/catagory/UIView+frame.h"; sourceTree = "<group>"; };
		AF4D3EC11D197E2200C593B3 /* UIView+frame.m */ = {isa = PBXFileReference; fileEncoding = 4; lastKnownFileType = sourcecode.c.objc; name = "UIView+frame.m"; path = "../../../../../../Zl-2 UI/Day041/06 彩票（自定义标题按钮交换标题）/彩票/classes/Other/catagory/UIView+frame.m"; sourceTree = "<group>"; };
		AF4D3EE61D19885900C593B3 /* confirmInfoViewController.h */ = {isa = PBXFileReference; fileEncoding = 4; lastKnownFileType = sourcecode.c.h; path = confirmInfoViewController.h; sourceTree = "<group>"; };
		AF4D3EE71D19885900C593B3 /* confirmInfoViewController.m */ = {isa = PBXFileReference; fileEncoding = 4; lastKnownFileType = sourcecode.c.objc; path = confirmInfoViewController.m; sourceTree = "<group>"; };
		AF60001E1D1674D10047BFF4 /* 启动图.jpg */ = {isa = PBXFileReference; lastKnownFileType = image.jpeg; name = "启动图.jpg"; path = "../../../../../../../Downloads/项目搜集/IOS资料/好食堂设计图/启动图.jpg"; sourceTree = "<group>"; };
		AF6000221D168E330047BFF4 /* AppDelegate.h */ = {isa = PBXFileReference; fileEncoding = 4; lastKnownFileType = sourcecode.c.h; path = AppDelegate.h; sourceTree = "<group>"; };
		AF6000231D168E330047BFF4 /* AppDelegate.m */ = {isa = PBXFileReference; fileEncoding = 4; lastKnownFileType = sourcecode.c.objc; path = AppDelegate.m; sourceTree = "<group>"; };
		AF77E4481D157BC4002B6324 /* HaoShiTang.app */ = {isa = PBXFileReference; explicitFileType = wrapper.application; includeInIndex = 0; path = HaoShiTang.app; sourceTree = BUILT_PRODUCTS_DIR; };
		AF77E44C1D157BC4002B6324 /* main.m */ = {isa = PBXFileReference; lastKnownFileType = sourcecode.c.objc; path = main.m; sourceTree = "<group>"; };
		AF77E4571D157BC4002B6324 /* Assets.xcassets */ = {isa = PBXFileReference; lastKnownFileType = folder.assetcatalog; path = Assets.xcassets; sourceTree = "<group>"; };
		AF77E45A1D157BC4002B6324 /* Base */ = {isa = PBXFileReference; lastKnownFileType = file.storyboard; name = Base; path = Base.lproj/LaunchScreen.storyboard; sourceTree = "<group>"; };
		AF77E45C1D157BC4002B6324 /* Info.plist */ = {isa = PBXFileReference; lastKnownFileType = text.plist.xml; path = Info.plist; sourceTree = "<group>"; };
		AF7C4FA51D1698EC00BFB9EC /* login.storyboard */ = {isa = PBXFileReference; fileEncoding = 4; lastKnownFileType = file.storyboard; path = login.storyboard; sourceTree = "<group>"; };
		AF8A7B001D17DE3200E27C73 /* loginView.xib */ = {isa = PBXFileReference; fileEncoding = 4; lastKnownFileType = file.xib; path = loginView.xib; sourceTree = "<group>"; };
		AF8A7B021D17E8E300E27C73 /* loginFiled.h */ = {isa = PBXFileReference; fileEncoding = 4; lastKnownFileType = sourcecode.c.h; path = loginFiled.h; sourceTree = "<group>"; };
		AF8A7B031D17E8E300E27C73 /* loginFiled.m */ = {isa = PBXFileReference; fileEncoding = 4; lastKnownFileType = sourcecode.c.objc; path = loginFiled.m; sourceTree = "<group>"; };
		AF8A7B051D17E8F000E27C73 /* loginTextFiled.h */ = {isa = PBXFileReference; fileEncoding = 4; lastKnownFileType = sourcecode.c.h; path = loginTextFiled.h; sourceTree = "<group>"; };
		AF8A7B061D17E8F000E27C73 /* loginTextFiled.m */ = {isa = PBXFileReference; fileEncoding = 4; lastKnownFileType = sourcecode.c.objc; path = loginTextFiled.m; sourceTree = "<group>"; };
		AF8A7B091D17F21400E27C73 /* UITextField+placeHolder.h */ = {isa = PBXFileReference; fileEncoding = 4; lastKnownFileType = sourcecode.c.h; name = "UITextField+placeHolder.h"; path = "../../../../../../Zl-6 项目准备/Day061/08 全部主题cell搭建/04 自定义cell的全部完成/BUDeJie/BUDeJie/classes/FriendTrend(关注)/View/UITextField+placeHolder.h"; sourceTree = "<group>"; };
		AF8A7B0A1D17F21400E27C73 /* UITextField+placeHolder.m */ = {isa = PBXFileReference; fileEncoding = 4; lastKnownFileType = sourcecode.c.objc; name = "UITextField+placeHolder.m"; path = "../../../../../../Zl-6 项目准备/Day061/08 全部主题cell搭建/04 自定义cell的全部完成/BUDeJie/BUDeJie/classes/FriendTrend(关注)/View/UITextField+placeHolder.m"; sourceTree = "<group>"; };
		AF8A7B0C1D18224C00E27C73 /* registViewController.h */ = {isa = PBXFileReference; fileEncoding = 4; lastKnownFileType = sourcecode.c.h; path = registViewController.h; sourceTree = "<group>"; };
		AF8A7B0D1D18224C00E27C73 /* registViewController.m */ = {isa = PBXFileReference; fileEncoding = 4; lastKnownFileType = sourcecode.c.objc; path = registViewController.m; sourceTree = "<group>"; };
		AF9AB3C21D200AE600AE2ADD /* BaseStaticViewController.h */ = {isa = PBXFileReference; fileEncoding = 4; lastKnownFileType = sourcecode.c.h; path = BaseStaticViewController.h; sourceTree = "<group>"; };
		AF9AB3C31D200AE600AE2ADD /* BaseStaticViewController.m */ = {isa = PBXFileReference; fileEncoding = 4; lastKnownFileType = sourcecode.c.objc; path = BaseStaticViewController.m; sourceTree = "<group>"; };
		AF9AB3C41D200AE600AE2ADD /* MineViewController.h */ = {isa = PBXFileReference; fileEncoding = 4; lastKnownFileType = sourcecode.c.h; path = MineViewController.h; sourceTree = "<group>"; };
		AF9AB3C51D200AE600AE2ADD /* MineViewController.m */ = {isa = PBXFileReference; fileEncoding = 4; lastKnownFileType = sourcecode.c.objc; path = MineViewController.m; sourceTree = "<group>"; };
		AF9AB3CD1D200EAB00AE2ADD /* RowItem.h */ = {isa = PBXFileReference; fileEncoding = 4; lastKnownFileType = sourcecode.c.h; path = RowItem.h; sourceTree = "<group>"; };
		AF9AB3CE1D200EAB00AE2ADD /* RowItem.m */ = {isa = PBXFileReference; fileEncoding = 4; lastKnownFileType = sourcecode.c.objc; path = RowItem.m; sourceTree = "<group>"; };
		AF9AB3D01D2012A000AE2ADD /* ArrowRowItem.h */ = {isa = PBXFileReference; fileEncoding = 4; lastKnownFileType = sourcecode.c.h; path = ArrowRowItem.h; sourceTree = "<group>"; };
		AF9AB3D11D2012A000AE2ADD /* ArrowRowItem.m */ = {isa = PBXFileReference; fileEncoding = 4; lastKnownFileType = sourcecode.c.objc; path = ArrowRowItem.m; sourceTree = "<group>"; };
		AF9AB3D31D20192800AE2ADD /* GroupItem.h */ = {isa = PBXFileReference; fileEncoding = 4; lastKnownFileType = sourcecode.c.h; path = GroupItem.h; sourceTree = "<group>"; };
		AF9AB3D41D20192800AE2ADD /* GroupItem.m */ = {isa = PBXFileReference; fileEncoding = 4; lastKnownFileType = sourcecode.c.objc; path = GroupItem.m; sourceTree = "<group>"; };
		AF9AB3D61D2019D800AE2ADD /* RowCellTableViewCell.h */ = {isa = PBXFileReference; fileEncoding = 4; lastKnownFileType = sourcecode.c.h; path = RowCellTableViewCell.h; sourceTree = "<group>"; };
		AF9AB3D71D2019D800AE2ADD /* RowCellTableViewCell.m */ = {isa = PBXFileReference; fileEncoding = 4; lastKnownFileType = sourcecode.c.objc; path = RowCellTableViewCell.m; sourceTree = "<group>"; };
		AFD4399D1D16AA8400B39549 /* HaoShiTang.pch */ = {isa = PBXFileReference; lastKnownFileType = sourcecode.c.h; path = HaoShiTang.pch; sourceTree = "<group>"; };
		AFD4399F1D16FBD500B39549 /* forgetPwd.h */ = {isa = PBXFileReference; fileEncoding = 4; lastKnownFileType = sourcecode.c.h; path = forgetPwd.h; sourceTree = "<group>"; };
		AFD439A01D16FBD500B39549 /* forgetPwd.m */ = {isa = PBXFileReference; fileEncoding = 4; lastKnownFileType = sourcecode.c.objc; path = forgetPwd.m; sourceTree = "<group>"; };
		AFD439A11D16FBD500B39549 /* loginNav.h */ = {isa = PBXFileReference; fileEncoding = 4; lastKnownFileType = sourcecode.c.h; path = loginNav.h; sourceTree = "<group>"; };
		AFD439A21D16FBD500B39549 /* loginNav.m */ = {isa = PBXFileReference; fileEncoding = 4; lastKnownFileType = sourcecode.c.objc; path = loginNav.m; sourceTree = "<group>"; };
		AFD439A31D16FBD500B39549 /* loginViewController.h */ = {isa = PBXFileReference; fileEncoding = 4; lastKnownFileType = sourcecode.c.h; path = loginViewController.h; sourceTree = "<group>"; };
		AFD439A41D16FBD500B39549 /* loginViewController.m */ = {isa = PBXFileReference; fileEncoding = 4; lastKnownFileType = sourcecode.c.objc; path = loginViewController.m; sourceTree = "<group>"; };
		AFD439A91D16FC1600B39549 /* loginView.h */ = {isa = PBXFileReference; fileEncoding = 4; lastKnownFileType = sourcecode.c.h; path = loginView.h; sourceTree = "<group>"; };
		AFD439AA1D16FC1600B39549 /* loginView.m */ = {isa = PBXFileReference; fileEncoding = 4; lastKnownFileType = sourcecode.c.objc; path = loginView.m; sourceTree = "<group>"; };
/* End PBXFileReference section */

/* Begin PBXFrameworksBuildPhase section */
		AF77E4451D157BC4002B6324 /* Frameworks */ = {
			isa = PBXFrameworksBuildPhase;
			buildActionMask = 2147483647;
			files = (
			);
			runOnlyForDeploymentPostprocessing = 0;
		};
/* End PBXFrameworksBuildPhase section */

/* Begin PBXGroup section */
		AF18B2881D1CD87B00E6254C /* Main */ = {
			isa = PBXGroup;
			children = (
				AF18B2891D1CD8B600E6254C /* HSTTabBarController.h */,
				AF18B28A1D1CD8B600E6254C /* HSTTabBarController.m */,
				AF18B28C1D1CD8EE00E6254C /* HSTNavController.h */,
				AF18B28D1D1CD8EE00E6254C /* HSTNavController.m */,
			);
			path = Main;
			sourceTree = "<group>";
		};
		AF6000201D168E330047BFF4 /* Classes */ = {
			isa = PBXGroup;
			children = (
				AF18B2881D1CD87B00E6254C /* Main */,
				AF8A7B081D17F1C500E27C73 /* Catagory */,
				AF6000211D168E330047BFF4 /* AppDelegate */,
				AF6000241D168E330047BFF4 /* Commen */,
				AF6000251D168E330047BFF4 /* Globle */,
				AF6000261D168E330047BFF4 /* Src */,
			);
			path = Classes;
			sourceTree = "<group>";
		};
		AF6000211D168E330047BFF4 /* AppDelegate */ = {
			isa = PBXGroup;
			children = (
				AF6000221D168E330047BFF4 /* AppDelegate.h */,
				AF6000231D168E330047BFF4 /* AppDelegate.m */,
			);
			path = AppDelegate;
			sourceTree = "<group>";
		};
		AF6000241D168E330047BFF4 /* Commen */ = {
			isa = PBXGroup;
			children = (
			);
			path = Commen;
			sourceTree = "<group>";
		};
		AF6000251D168E330047BFF4 /* Globle */ = {
			isa = PBXGroup;
			children = (
			);
			path = Globle;
			sourceTree = "<group>";
		};
		AF6000261D168E330047BFF4 /* Src */ = {
			isa = PBXGroup;
			children = (
				AF6000281D168E330047BFF4 /* Login&regist */,
				AF6000271D168E330047BFF4 /* HomePage */,
				AF6000291D168E330047BFF4 /* Mine */,
				AF60002A1D168E330047BFF4 /* Nutritious_food */,
				AF60002B1D168E330047BFF4 /* Nutritious_question */,
				AF60002C1D168E330047BFF4 /* Nutritious_record */,
				AF60002D1D168E330047BFF4 /* Parents_field */,
			);
			path = Src;
			sourceTree = "<group>";
		};
		AF6000271D168E330047BFF4 /* HomePage */ = {
			isa = PBXGroup;
			children = (
				AF18B28F1D1CDA3300E6254C /* HSTHomePageViewController.h */,
				AF18B2901D1CDA3300E6254C /* HSTHomePageViewController.m */,
			);
			path = HomePage;
			sourceTree = "<group>";
		};
		AF6000281D168E330047BFF4 /* Login&regist */ = {
			isa = PBXGroup;
			children = (
				AF7C4FA51D1698EC00BFB9EC /* login.storyboard */,
				AFD439A81D16FBF100B39549 /* View */,
				AFD4399E1D16FBD400B39549 /* Controller */,
			);
			path = "Login&regist";
			sourceTree = "<group>";
		};
		AF6000291D168E330047BFF4 /* Mine */ = {
			isa = PBXGroup;
			children = (
				AF9AB3C11D200AE600AE2ADD /* Controller */,
				AF9AB3C61D200AE600AE2ADD /* Modle */,
				AF9AB3C71D200AE600AE2ADD /* View */,
			);
			path = Mine;
			sourceTree = "<group>";
		};
		AF60002A1D168E330047BFF4 /* Nutritious_food */ = {
			isa = PBXGroup;
			children = (
				AF18B2921D1CDABE00E6254C /* HSTNutrFoodViewController.h */,
				AF18B2931D1CDABE00E6254C /* HSTNutrFoodViewController.m */,
			);
			path = Nutritious_food;
			sourceTree = "<group>";
		};
		AF60002B1D168E330047BFF4 /* Nutritious_question */ = {
			isa = PBXGroup;
			children = (
				AF18B2981D1CDC5000E6254C /* HSTNtrQuestrionViewController.h */,
				AF18B2991D1CDC5000E6254C /* HSTNtrQuestrionViewController.m */,
			);
			path = Nutritious_question;
			sourceTree = "<group>";
		};
		AF60002C1D168E330047BFF4 /* Nutritious_record */ = {
			isa = PBXGroup;
			children = (
				AF18B2951D1CDB2700E6254C /* HSTNutrRecordViewController.h */,
				AF18B2961D1CDB2700E6254C /* HSTNutrRecordViewController.m */,
			);
			path = Nutritious_record;
			sourceTree = "<group>";
		};
		AF60002D1D168E330047BFF4 /* Parents_field */ = {
			isa = PBXGroup;
			children = (
				AF18B29B1D1CDCD400E6254C /* ParentsFiledViewController.h */,
				AF18B29C1D1CDCD400E6254C /* ParentsFiledViewController.m */,
			);
			path = Parents_field;
			sourceTree = "<group>";
		};
		AF60002F1D168E5F0047BFF4 /* Resources */ = {
			isa = PBXGroup;
			children = (
			);
			path = Resources;
			sourceTree = "<group>";
		};
		AF77E43F1D157BC3002B6324 = {
			isa = PBXGroup;
			children = (
				AF77E44A1D157BC4002B6324 /* HaoShiTang */,
				AF77E4491D157BC4002B6324 /* Products */,
			);
			sourceTree = "<group>";
		};
		AF77E4491D157BC4002B6324 /* Products */ = {
			isa = PBXGroup;
			children = (
				AF77E4481D157BC4002B6324 /* HaoShiTang.app */,
			);
			name = Products;
			sourceTree = "<group>";
		};
		AF77E44A1D157BC4002B6324 /* HaoShiTang */ = {
			isa = PBXGroup;
			children = (
				AF6000201D168E330047BFF4 /* Classes */,
				AF60002F1D168E5F0047BFF4 /* Resources */,
				AF77E44B1D157BC4002B6324 /* Supporting Files */,
			);
			path = HaoShiTang;
			sourceTree = "<group>";
		};
		AF77E44B1D157BC4002B6324 /* Supporting Files */ = {
			isa = PBXGroup;
			children = (
				AF77E4571D157BC4002B6324 /* Assets.xcassets */,
				AF77E45C1D157BC4002B6324 /* Info.plist */,
				AF77E4591D157BC4002B6324 /* LaunchScreen.storyboard */,
				AF60001E1D1674D10047BFF4 /* 启动图.jpg */,
				AF77E44C1D157BC4002B6324 /* main.m */,
				AFD4399D1D16AA8400B39549 /* HaoShiTang.pch */,
			);
			name = "Supporting Files";
			sourceTree = "<group>";
		};
		AF8A7B081D17F1C500E27C73 /* Catagory */ = {
			isa = PBXGroup;
			children = (
				AF18B2A11D1D379F00E6254C /* UIBarButtonItem+Item.h */,
				AF18B2A21D1D379F00E6254C /* UIBarButtonItem+Item.m */,
				AF18B29E1D1D1D9700E6254C /* UIImage+Image.h */,
				AF18B29F1D1D1D9700E6254C /* UIImage+Image.m */,
				AF4D3EC01D197E2200C593B3 /* UIView+frame.h */,
				AF4D3EC11D197E2200C593B3 /* UIView+frame.m */,
				AF8A7B091D17F21400E27C73 /* UITextField+placeHolder.h */,
				AF8A7B0A1D17F21400E27C73 /* UITextField+placeHolder.m */,
			);
			path = Catagory;
			sourceTree = "<group>";
		};
		AF9AB3C11D200AE600AE2ADD /* Controller */ = {
			isa = PBXGroup;
			children = (
				AF9AB3C21D200AE600AE2ADD /* BaseStaticViewController.h */,
				AF9AB3C31D200AE600AE2ADD /* BaseStaticViewController.m */,
				AF9AB3C41D200AE600AE2ADD /* MineViewController.h */,
				AF9AB3C51D200AE600AE2ADD /* MineViewController.m */,
			);
			path = Controller;
			sourceTree = "<group>";
		};
		AF9AB3C61D200AE600AE2ADD /* Modle */ = {
			isa = PBXGroup;
			children = (
				AF9AB3CD1D200EAB00AE2ADD /* RowItem.h */,
				AF9AB3CE1D200EAB00AE2ADD /* RowItem.m */,
				AF9AB3D01D2012A000AE2ADD /* ArrowRowItem.h */,
				AF9AB3D11D2012A000AE2ADD /* ArrowRowItem.m */,
				AF9AB3D31D20192800AE2ADD /* GroupItem.h */,
				AF9AB3D41D20192800AE2ADD /* GroupItem.m */,
			);
			path = Modle;
			sourceTree = "<group>";
		};
		AF9AB3C71D200AE600AE2ADD /* View */ = {
			isa = PBXGroup;
			children = (
				AF9AB3D61D2019D800AE2ADD /* RowCellTableViewCell.h */,
				AF9AB3D71D2019D800AE2ADD /* RowCellTableViewCell.m */,
			);
			path = View;
			sourceTree = "<group>";
		};
		AFD4399E1D16FBD400B39549 /* Controller */ = {
			isa = PBXGroup;
			children = (
				AFD4399F1D16FBD500B39549 /* forgetPwd.h */,
				AFD439A01D16FBD500B39549 /* forgetPwd.m */,
				AFD439A11D16FBD500B39549 /* loginNav.h */,
				AFD439A21D16FBD500B39549 /* loginNav.m */,
				AFD439A31D16FBD500B39549 /* loginViewController.h */,
				AFD439A41D16FBD500B39549 /* loginViewController.m */,
				AF8A7B0C1D18224C00E27C73 /* registViewController.h */,
				AF8A7B0D1D18224C00E27C73 /* registViewController.m */,
				AF4D3EB41D195CC100C593B3 /* bindViewController.h */,
				AF4D3EB51D195CC100C593B3 /* bindViewController.m */,
				AF4D3EBA1D19786F00C593B3 /* genderPickViewController.h */,
				AF4D3EBB1D19786F00C593B3 /* genderPickViewController.m */,
				AF4D3EE61D19885900C593B3 /* confirmInfoViewController.h */,
				AF4D3EE71D19885900C593B3 /* confirmInfoViewController.m */,
			);
			path = Controller;
			sourceTree = "<group>";
		};
		AFD439A81D16FBF100B39549 /* View */ = {
			isa = PBXGroup;
			children = (
				AF4D3EB71D195F8D00C593B3 /* DateFiled.h */,
				AF4D3EB81D195F8D00C593B3 /* DateFiled.m */,
				AFD439A91D16FC1600B39549 /* loginView.h */,
				AFD439AA1D16FC1600B39549 /* loginView.m */,
				AF8A7B001D17DE3200E27C73 /* loginView.xib */,
				AF8A7B021D17E8E300E27C73 /* loginFiled.h */,
				AF8A7B031D17E8E300E27C73 /* loginFiled.m */,
				AF8A7B051D17E8F000E27C73 /* loginTextFiled.h */,
				AF8A7B061D17E8F000E27C73 /* loginTextFiled.m */,
				AF4D3EBD1D197C3C00C593B3 /* genderButton.h */,
				AF4D3EBE1D197C3C00C593B3 /* genderButton.m */,
			);
			name = View;
			path = "HaoShiTang/Classes/Src/Login&regist/View";
			sourceTree = SOURCE_ROOT;
		};
/* End PBXGroup section */

/* Begin PBXNativeTarget section */
		AF77E4471D157BC4002B6324 /* HaoShiTang */ = {
			isa = PBXNativeTarget;
			buildConfigurationList = AF77E45F1D157BC4002B6324 /* Build configuration list for PBXNativeTarget "HaoShiTang" */;
			buildPhases = (
				AF77E4441D157BC4002B6324 /* Sources */,
				AF77E4451D157BC4002B6324 /* Frameworks */,
				AF77E4461D157BC4002B6324 /* Resources */,
			);
			buildRules = (
			);
			dependencies = (
			);
			name = HaoShiTang;
			productName = HaoShiTang;
			productReference = AF77E4481D157BC4002B6324 /* HaoShiTang.app */;
			productType = "com.apple.product-type.application";
		};
/* End PBXNativeTarget section */

/* Begin PBXProject section */
		AF77E4401D157BC3002B6324 /* Project object */ = {
			isa = PBXProject;
			attributes = {
				LastUpgradeCheck = 0730;
				ORGANIZATIONNAME = zhanglu;
				TargetAttributes = {
					AF77E4471D157BC4002B6324 = {
						CreatedOnToolsVersion = 7.3;
						DevelopmentTeam = 99KA4723A6;
					};
				};
			};
			buildConfigurationList = AF77E4431D157BC3002B6324 /* Build configuration list for PBXProject "HaoShiTang" */;
			compatibilityVersion = "Xcode 3.2";
			developmentRegion = English;
			hasScannedForEncodings = 0;
			knownRegions = (
				en,
				Base,
			);
			mainGroup = AF77E43F1D157BC3002B6324;
			productRefGroup = AF77E4491D157BC4002B6324 /* Products */;
			projectDirPath = "";
			projectRoot = "";
			targets = (
				AF77E4471D157BC4002B6324 /* HaoShiTang */,
			);
		};
/* End PBXProject section */

/* Begin PBXResourcesBuildPhase section */
		AF77E4461D157BC4002B6324 /* Resources */ = {
			isa = PBXResourcesBuildPhase;
			buildActionMask = 2147483647;
			files = (
				AF7C4FA61D1698EC00BFB9EC /* login.storyboard in Resources */,
				AF77E45B1D157BC4002B6324 /* LaunchScreen.storyboard in Resources */,
				AF77E4581D157BC4002B6324 /* Assets.xcassets in Resources */,
				AF60001F1D1674D10047BFF4 /* 启动图.jpg in Resources */,
				AF8A7B011D17DE3200E27C73 /* loginView.xib in Resources */,
			);
			runOnlyForDeploymentPostprocessing = 0;
		};
/* End PBXResourcesBuildPhase section */

/* Begin PBXSourcesBuildPhase section */
		AF77E4441D157BC4002B6324 /* Sources */ = {
			isa = PBXSourcesBuildPhase;
			buildActionMask = 2147483647;
			files = (
				AF9AB3D51D20192800AE2ADD /* GroupItem.m in Sources */,
				AFD439A71D16FBD500B39549 /* loginViewController.m in Sources */,
				AF18B28B1D1CD8B600E6254C /* HSTTabBarController.m in Sources */,
				AF60002E1D168E330047BFF4 /* AppDelegate.m in Sources */,
				AF4D3EB61D195CC100C593B3 /* bindViewController.m in Sources */,
				AF4D3EC21D197E2200C593B3 /* UIView+frame.m in Sources */,
				AF4D3EBC1D19786F00C593B3 /* genderPickViewController.m in Sources */,
				AF18B2A31D1D379F00E6254C /* UIBarButtonItem+Item.m in Sources */,
				AFD439A61D16FBD500B39549 /* loginNav.m in Sources */,
				AF9AB3CF1D200EAB00AE2ADD /* RowItem.m in Sources */,
				AF9AB3C91D200AE600AE2ADD /* MineViewController.m in Sources */,
				AF9AB3D81D2019D800AE2ADD /* RowCellTableViewCell.m in Sources */,
				AF8A7B041D17E8E300E27C73 /* loginFiled.m in Sources */,
				AF4D3EBF1D197C3C00C593B3 /* genderButton.m in Sources */,
				AF18B2A01D1D1D9700E6254C /* UIImage+Image.m in Sources */,
				AF77E44D1D157BC4002B6324 /* main.m in Sources */,
				AF8A7B071D17E8F000E27C73 /* loginTextFiled.m in Sources */,
				AF18B2971D1CDB2700E6254C /* HSTNutrRecordViewController.m in Sources */,
				AF9AB3C81D200AE600AE2ADD /* BaseStaticViewController.m in Sources */,
				AF8A7B0B1D17F21400E27C73 /* UITextField+placeHolder.m in Sources */,
				AF4D3EB91D195F8D00C593B3 /* DateFiled.m in Sources */,
				AFD439AB1D16FC1600B39549 /* loginView.m in Sources */,
				AF8A7B0E1D18224C00E27C73 /* registViewController.m in Sources */,
				AF18B28E1D1CD8EE00E6254C /* HSTNavController.m in Sources */,
				AFD439A51D16FBD500B39549 /* forgetPwd.m in Sources */,
				AF18B29D1D1CDCD400E6254C /* ParentsFiledViewController.m in Sources */,
				AF18B29A1D1CDC5000E6254C /* HSTNtrQuestrionViewController.m in Sources */,
				AF18B2941D1CDABE00E6254C /* HSTNutrFoodViewController.m in Sources */,
				AF9AB3D21D2012A000AE2ADD /* ArrowRowItem.m in Sources */,
				AF18B2911D1CDA3300E6254C /* HSTHomePageViewController.m in Sources */,
				AF4D3EE81D19885900C593B3 /* confirmInfoViewController.m in Sources */,
			);
			runOnlyForDeploymentPostprocessing = 0;
		};
/* End PBXSourcesBuildPhase section */

/* Begin PBXVariantGroup section */
		AF77E4591D157BC4002B6324 /* LaunchScreen.storyboard */ = {
			isa = PBXVariantGroup;
			children = (
				AF77E45A1D157BC4002B6324 /* Base */,
			);
			name = LaunchScreen.storyboard;
			sourceTree = "<group>";
		};
/* End PBXVariantGroup section */

/* Begin XCBuildConfiguration section */
		AF77E45D1D157BC4002B6324 /* Debug */ = {
			isa = XCBuildConfiguration;
			buildSettings = {
				ALWAYS_SEARCH_USER_PATHS = NO;
				CLANG_ANALYZER_NONNULL = YES;
				CLANG_CXX_LANGUAGE_STANDARD = "gnu++0x";
				CLANG_CXX_LIBRARY = "libc++";
				CLANG_ENABLE_MODULES = YES;
				CLANG_ENABLE_OBJC_ARC = YES;
				CLANG_WARN_BOOL_CONVERSION = YES;
				CLANG_WARN_CONSTANT_CONVERSION = YES;
				CLANG_WARN_DIRECT_OBJC_ISA_USAGE = YES_ERROR;
				CLANG_WARN_EMPTY_BODY = YES;
				CLANG_WARN_ENUM_CONVERSION = YES;
				CLANG_WARN_INT_CONVERSION = YES;
				CLANG_WARN_OBJC_ROOT_CLASS = YES_ERROR;
				CLANG_WARN_UNREACHABLE_CODE = YES;
				CLANG_WARN__DUPLICATE_METHOD_MATCH = YES;
				"CODE_SIGN_IDENTITY[sdk=iphoneos*]" = "iPhone Developer";
				COPY_PHASE_STRIP = NO;
				DEBUG_INFORMATION_FORMAT = dwarf;
				ENABLE_STRICT_OBJC_MSGSEND = YES;
				ENABLE_TESTABILITY = YES;
				GCC_C_LANGUAGE_STANDARD = gnu99;
				GCC_DYNAMIC_NO_PIC = NO;
				GCC_NO_COMMON_BLOCKS = YES;
				GCC_OPTIMIZATION_LEVEL = 0;
				GCC_PREPROCESSOR_DEFINITIONS = (
					"DEBUG=1",
					"$(inherited)",
				);
				GCC_WARN_64_TO_32_BIT_CONVERSION = YES;
				GCC_WARN_ABOUT_RETURN_TYPE = YES_ERROR;
				GCC_WARN_UNDECLARED_SELECTOR = YES;
				GCC_WARN_UNINITIALIZED_AUTOS = YES_AGGRESSIVE;
				GCC_WARN_UNUSED_FUNCTION = YES;
				GCC_WARN_UNUSED_VARIABLE = YES;
				IPHONEOS_DEPLOYMENT_TARGET = 8.3;
				MTL_ENABLE_DEBUG_INFO = YES;
				ONLY_ACTIVE_ARCH = YES;
				SDKROOT = iphoneos;
				TARGETED_DEVICE_FAMILY = "1,2";
			};
			name = Debug;
		};
		AF77E45E1D157BC4002B6324 /* Release */ = {
			isa = XCBuildConfiguration;
			buildSettings = {
				ALWAYS_SEARCH_USER_PATHS = NO;
				CLANG_ANALYZER_NONNULL = YES;
				CLANG_CXX_LANGUAGE_STANDARD = "gnu++0x";
				CLANG_CXX_LIBRARY = "libc++";
				CLANG_ENABLE_MODULES = YES;
				CLANG_ENABLE_OBJC_ARC = YES;
				CLANG_WARN_BOOL_CONVERSION = YES;
				CLANG_WARN_CONSTANT_CONVERSION = YES;
				CLANG_WARN_DIRECT_OBJC_ISA_USAGE = YES_ERROR;
				CLANG_WARN_EMPTY_BODY = YES;
				CLANG_WARN_ENUM_CONVERSION = YES;
				CLANG_WARN_INT_CONVERSION = YES;
				CLANG_WARN_OBJC_ROOT_CLASS = YES_ERROR;
				CLANG_WARN_UNREACHABLE_CODE = YES;
				CLANG_WARN__DUPLICATE_METHOD_MATCH = YES;
				"CODE_SIGN_IDENTITY[sdk=iphoneos*]" = "iPhone Developer";
				COPY_PHASE_STRIP = NO;
				DEBUG_INFORMATION_FORMAT = "dwarf-with-dsym";
				ENABLE_NS_ASSERTIONS = NO;
				ENABLE_STRICT_OBJC_MSGSEND = YES;
				GCC_C_LANGUAGE_STANDARD = gnu99;
				GCC_NO_COMMON_BLOCKS = YES;
				GCC_WARN_64_TO_32_BIT_CONVERSION = YES;
				GCC_WARN_ABOUT_RETURN_TYPE = YES_ERROR;
				GCC_WARN_UNDECLARED_SELECTOR = YES;
				GCC_WARN_UNINITIALIZED_AUTOS = YES_AGGRESSIVE;
				GCC_WARN_UNUSED_FUNCTION = YES;
				GCC_WARN_UNUSED_VARIABLE = YES;
				IPHONEOS_DEPLOYMENT_TARGET = 8.3;
				MTL_ENABLE_DEBUG_INFO = NO;
				SDKROOT = iphoneos;
				TARGETED_DEVICE_FAMILY = "1,2";
				VALIDATE_PRODUCT = YES;
			};
			name = Release;
		};
		AF77E4601D157BC4002B6324 /* Debug */ = {
			isa = XCBuildConfiguration;
			buildSettings = {
				ASSETCATALOG_COMPILER_APPICON_NAME = AppIcon;
				GCC_PREFIX_HEADER = HaoShiTang/HaoShiTang.pch;
				INFOPLIST_FILE = HaoShiTang/Info.plist;
				LD_RUNPATH_SEARCH_PATHS = "$(inherited) @executable_path/Frameworks";
				PRODUCT_BUNDLE_IDENTIFIER = come.zhanglu.HaoShiTang;
				PRODUCT_NAME = "$(TARGET_NAME)";
				TARGETED_DEVICE_FAMILY = 1;
			};
			name = Debug;
		};
		AF77E4611D157BC4002B6324 /* Release */ = {
			isa = XCBuildConfiguration;
			buildSettings = {
				ASSETCATALOG_COMPILER_APPICON_NAME = AppIcon;
				GCC_PREFIX_HEADER = HaoShiTang/HaoShiTang.pch;
				INFOPLIST_FILE = HaoShiTang/Info.plist;
				LD_RUNPATH_SEARCH_PATHS = "$(inherited) @executable_path/Frameworks";
				PRODUCT_BUNDLE_IDENTIFIER = come.zhanglu.HaoShiTang;
				PRODUCT_NAME = "$(TARGET_NAME)";
				TARGETED_DEVICE_FAMILY = 1;
			};
			name = Release;
		};
/* End XCBuildConfiguration section */

/* Begin XCConfigurationList section */
		AF77E4431D157BC3002B6324 /* Build configuration list for PBXProject "HaoShiTang" */ = {
			isa = XCConfigurationList;
			buildConfigurations = (
				AF77E45D1D157BC4002B6324 /* Debug */,
				AF77E45E1D157BC4002B6324 /* Release */,
			);
			defaultConfigurationIsVisible = 0;
			defaultConfigurationName = Release;
		};
		AF77E45F1D157BC4002B6324 /* Build configuration list for PBXNativeTarget "HaoShiTang" */ = {
			isa = XCConfigurationList;
			buildConfigurations = (
				AF77E4601D157BC4002B6324 /* Debug */,
				AF77E4611D157BC4002B6324 /* Release */,
			);
			defaultConfigurationIsVisible = 0;
			defaultConfigurationName = Release;
		};
/* End XCConfigurationList section */
	};
	rootObject = AF77E4401D157BC3002B6324 /* Project object */;
}
