// !$*UTF8*$!
{
	archiveVersion = 1;
	classes = {
	};
	objectVersion = 46;
	objects = {

/* Begin PBXBuildFile section */
		AF60001F1D1674D10047BFF4 /* 启动图.jpg in Resources */ = {isa = PBXBuildFile; fileRef = AF60001E1D1674D10047BFF4 /* 启动图.jpg */; };
		AF60002E1D168E330047BFF4 /* AppDelegate.m in Sources */ = {isa = PBXBuildFile; fileRef = AF6000231D168E330047BFF4 /* AppDelegate.m */; };
		AF77E44D1D157BC4002B6324 /* main.m in Sources */ = {isa = PBXBuildFile; fileRef = AF77E44C1D157BC4002B6324 /* main.m */; };
		AF77E4581D157BC4002B6324 /* Assets.xcassets in Resources */ = {isa = PBXBuildFile; fileRef = AF77E4571D157BC4002B6324 /* Assets.xcassets */; };
		AF77E45B1D157BC4002B6324 /* LaunchScreen.storyboard in Resources */ = {isa = PBXBuildFile; fileRef = AF77E4591D157BC4002B6324 /* LaunchScreen.storyboard */; };
/* End PBXBuildFile section */

/* Begin PBXFileReference section */
		AF60001E1D1674D10047BFF4 /* 启动图.jpg */ = {isa = PBXFileReference; lastKnownFileType = image.jpeg; name = "启动图.jpg"; path = "../../../../../../../Downloads/项目搜集/IOS资料/好食堂设计图/启动图.jpg"; sourceTree = "<group>"; };
		AF6000221D168E330047BFF4 /* AppDelegate.h */ = {isa = PBXFileReference; fileEncoding = 4; lastKnownFileType = sourcecode.c.h; path = AppDelegate.h; sourceTree = "<group>"; };
		AF6000231D168E330047BFF4 /* AppDelegate.m */ = {isa = PBXFileReference; fileEncoding = 4; lastKnownFileType = sourcecode.c.objc; path = AppDelegate.m; sourceTree = "<group>"; };
		AF77E4481D157BC4002B6324 /* HaoShiTang.app */ = {isa = PBXFileReference; explicitFileType = wrapper.application; includeInIndex = 0; path = HaoShiTang.app; sourceTree = BUILT_PRODUCTS_DIR; };
		AF77E44C1D157BC4002B6324 /* main.m */ = {isa = PBXFileReference; lastKnownFileType = sourcecode.c.objc; path = main.m; sourceTree = "<group>"; };
		AF77E4571D157BC4002B6324 /* Assets.xcassets */ = {isa = PBXFileReference; lastKnownFileType = folder.assetcatalog; path = Assets.xcassets; sourceTree = "<group>"; };
		AF77E45A1D157BC4002B6324 /* Base */ = {isa = PBXFileReference; lastKnownFileType = file.storyboard; name = Base; path = Base.lproj/LaunchScreen.storyboard; sourceTree = "<group>"; };
		AF77E45C1D157BC4002B6324 /* Info.plist */ = {isa = PBXFileReference; lastKnownFileType = text.plist.xml; path = Info.plist; sourceTree = "<group>"; };
/* End PBXFileReference section */

/* Begin PBXFrameworksBuildPhase section */
		AF77E4451D157BC4002B6324 /* Frameworks */ = {
			isa = PBXFrameworksBuildPhase;
			buildActionMask = 2147483647;
			files = (
			);
			runOnlyForDeploymentPostprocessing = 0;
		};
/* End PBXFrameworksBuildPhase section */

/* Begin PBXGroup section */
		AF6000201D168E330047BFF4 /* Classes */ = {
			isa = PBXGroup;
			children = (
				AF6000211D168E330047BFF4 /* AppDelegate */,
				AF6000241D168E330047BFF4 /* Commen */,
				AF6000251D168E330047BFF4 /* Globle */,
				AF6000261D168E330047BFF4 /* Src */,
			);
			path = Classes;
			sourceTree = "<group>";
		};
		AF6000211D168E330047BFF4 /* AppDelegate */ = {
			isa = PBXGroup;
			children = (
				AF6000221D168E330047BFF4 /* AppDelegate.h */,
				AF6000231D168E330047BFF4 /* AppDelegate.m */,
			);
			path = AppDelegate;
			sourceTree = "<group>";
		};
		AF6000241D168E330047BFF4 /* Commen */ = {
			isa = PBXGroup;
			children = (
			);
			path = Commen;
			sourceTree = "<group>";
		};
		AF6000251D168E330047BFF4 /* Globle */ = {
			isa = PBXGroup;
			children = (
			);
			path = Globle;
			sourceTree = "<group>";
		};
		AF6000261D168E330047BFF4 /* Src */ = {
			isa = PBXGroup;
			children = (
				AF6000271D168E330047BFF4 /* HomePage */,
				AF6000281D168E330047BFF4 /* Login&regist */,
				AF6000291D168E330047BFF4 /* Mine */,
				AF60002A1D168E330047BFF4 /* Nutritious_food */,
				AF60002B1D168E330047BFF4 /* Nutritious_question */,
				AF60002C1D168E330047BFF4 /* Nutritious_record */,
				AF60002D1D168E330047BFF4 /* Parents_field */,
			);
			path = Src;
			sourceTree = "<group>";
		};
		AF6000271D168E330047BFF4 /* HomePage */ = {
			isa = PBXGroup;
			children = (
			);
			path = HomePage;
			sourceTree = "<group>";
		};
		AF6000281D168E330047BFF4 /* Login&regist */ = {
			isa = PBXGroup;
			children = (
			);
			path = "Login&regist";
			sourceTree = "<group>";
		};
		AF6000291D168E330047BFF4 /* Mine */ = {
			isa = PBXGroup;
			children = (
			);
			path = Mine;
			sourceTree = "<group>";
		};
		AF60002A1D168E330047BFF4 /* Nutritious_food */ = {
			isa = PBXGroup;
			children = (
			);
			path = Nutritious_food;
			sourceTree = "<group>";
		};
		AF60002B1D168E330047BFF4 /* Nutritious_question */ = {
			isa = PBXGroup;
			children = (
			);
			path = Nutritious_question;
			sourceTree = "<group>";
		};
		AF60002C1D168E330047BFF4 /* Nutritious_record */ = {
			isa = PBXGroup;
			children = (
			);
			path = Nutritious_record;
			sourceTree = "<group>";
		};
		AF60002D1D168E330047BFF4 /* Parents_field */ = {
			isa = PBXGroup;
			children = (
			);
			path = Parents_field;
			sourceTree = "<group>";
		};
		AF60002F1D168E5F0047BFF4 /* Resources */ = {
			isa = PBXGroup;
			children = (
			);
			path = Resources;
			sourceTree = "<group>";
		};
		AF77E43F1D157BC3002B6324 = {
			isa = PBXGroup;
			children = (
				AF77E44A1D157BC4002B6324 /* HaoShiTang */,
				AF77E4491D157BC4002B6324 /* Products */,
			);
			sourceTree = "<group>";
		};
		AF77E4491D157BC4002B6324 /* Products */ = {
			isa = PBXGroup;
			children = (
				AF77E4481D157BC4002B6324 /* HaoShiTang.app */,
			);
			name = Products;
			sourceTree = "<group>";
		};
		AF77E44A1D157BC4002B6324 /* HaoShiTang */ = {
			isa = PBXGroup;
			children = (
				AF6000201D168E330047BFF4 /* Classes */,
				AF60002F1D168E5F0047BFF4 /* Resources */,
				AF77E44B1D157BC4002B6324 /* Supporting Files */,
			);
			path = HaoShiTang;
			sourceTree = "<group>";
		};
		AF77E44B1D157BC4002B6324 /* Supporting Files */ = {
			isa = PBXGroup;
			children = (
				AF77E4571D157BC4002B6324 /* Assets.xcassets */,
				AF77E45C1D157BC4002B6324 /* Info.plist */,
				AF77E4591D157BC4002B6324 /* LaunchScreen.storyboard */,
				AF60001E1D1674D10047BFF4 /* 启动图.jpg */,
				AF77E44C1D157BC4002B6324 /* main.m */,
			);
			name = "Supporting Files";
			sourceTree = "<group>";
		};
/* End PBXGroup section */

/* Begin PBXNativeTarget section */
		AF77E4471D157BC4002B6324 /* HaoShiTang */ = {
			isa = PBXNativeTarget;
			buildConfigurationList = AF77E45F1D157BC4002B6324 /* Build configuration list for PBXNativeTarget "HaoShiTang" */;
			buildPhases = (
				AF77E4441D157BC4002B6324 /* Sources */,
				AF77E4451D157BC4002B6324 /* Frameworks */,
				AF77E4461D157BC4002B6324 /* Resources */,
			);
			buildRules = (
			);
			dependencies = (
			);
			name = HaoShiTang;
			productName = HaoShiTang;
			productReference = AF77E4481D157BC4002B6324 /* HaoShiTang.app */;
			productType = "com.apple.product-type.application";
		};
/* End PBXNativeTarget section */

/* Begin PBXProject section */
		AF77E4401D157BC3002B6324 /* Project object */ = {
			isa = PBXProject;
			attributes = {
				LastUpgradeCheck = 0730;
				ORGANIZATIONNAME = zhanglu;
				TargetAttributes = {
					AF77E4471D157BC4002B6324 = {
						CreatedOnToolsVersion = 7.3;
						DevelopmentTeam = 99KA4723A6;
					};
				};
			};
			buildConfigurationList = AF77E4431D157BC3002B6324 /* Build configuration list for PBXProject "HaoShiTang" */;
			compatibilityVersion = "Xcode 3.2";
			developmentRegion = English;
			hasScannedForEncodings = 0;
			knownRegions = (
				en,
				Base,
			);
			mainGroup = AF77E43F1D157BC3002B6324;
			productRefGroup = AF77E4491D157BC4002B6324 /* Products */;
			projectDirPath = "";
			projectRoot = "";
			targets = (
				AF77E4471D157BC4002B6324 /* HaoShiTang */,
			);
		};
/* End PBXProject section */

/* Begin PBXResourcesBuildPhase section */
		AF77E4461D157BC4002B6324 /* Resources */ = {
			isa = PBXResourcesBuildPhase;
			buildActionMask = 2147483647;
			files = (
				AF77E45B1D157BC4002B6324 /* LaunchScreen.storyboard in Resources */,
				AF77E4581D157BC4002B6324 /* Assets.xcassets in Resources */,
				AF60001F1D1674D10047BFF4 /* 启动图.jpg in Resources */,
			);
			runOnlyForDeploymentPostprocessing = 0;
		};
/* End PBXResourcesBuildPhase section */

/* Begin PBXSourcesBuildPhase section */
		AF77E4441D157BC4002B6324 /* Sources */ = {
			isa = PBXSourcesBuildPhase;
			buildActionMask = 2147483647;
			files = (
				AF60002E1D168E330047BFF4 /* AppDelegate.m in Sources */,
				AF77E44D1D157BC4002B6324 /* main.m in Sources */,
			);
			runOnlyForDeploymentPostprocessing = 0;
		};
/* End PBXSourcesBuildPhase section */

/* Begin PBXVariantGroup section */
		AF77E4591D157BC4002B6324 /* LaunchScreen.storyboard */ = {
			isa = PBXVariantGroup;
			children = (
				AF77E45A1D157BC4002B6324 /* Base */,
			);
			name = LaunchScreen.storyboard;
			sourceTree = "<group>";
		};
/* End PBXVariantGroup section */

/* Begin XCBuildConfiguration section */
		AF77E45D1D157BC4002B6324 /* Debug */ = {
			isa = XCBuildConfiguration;
			buildSettings = {
				ALWAYS_SEARCH_USER_PATHS = NO;
				CLANG_ANALYZER_NONNULL = YES;
				CLANG_CXX_LANGUAGE_STANDARD = "gnu++0x";
				CLANG_CXX_LIBRARY = "libc++";
				CLANG_ENABLE_MODULES = YES;
				CLANG_ENABLE_OBJC_ARC = YES;
				CLANG_WARN_BOOL_CONVERSION = YES;
				CLANG_WARN_CONSTANT_CONVERSION = YES;
				CLANG_WARN_DIRECT_OBJC_ISA_USAGE = YES_ERROR;
				CLANG_WARN_EMPTY_BODY = YES;
				CLANG_WARN_ENUM_CONVERSION = YES;
				CLANG_WARN_INT_CONVERSION = YES;
				CLANG_WARN_OBJC_ROOT_CLASS = YES_ERROR;
				CLANG_WARN_UNREACHABLE_CODE = YES;
				CLANG_WARN__DUPLICATE_METHOD_MATCH = YES;
				"CODE_SIGN_IDENTITY[sdk=iphoneos*]" = "iPhone Developer";
				COPY_PHASE_STRIP = NO;
				DEBUG_INFORMATION_FORMAT = dwarf;
				ENABLE_STRICT_OBJC_MSGSEND = YES;
				ENABLE_TESTABILITY = YES;
				GCC_C_LANGUAGE_STANDARD = gnu99;
				GCC_DYNAMIC_NO_PIC = NO;
				GCC_NO_COMMON_BLOCKS = YES;
				GCC_OPTIMIZATION_LEVEL = 0;
				GCC_PREPROCESSOR_DEFINITIONS = (
					"DEBUG=1",
					"$(inherited)",
				);
				GCC_WARN_64_TO_32_BIT_CONVERSION = YES;
				GCC_WARN_ABOUT_RETURN_TYPE = YES_ERROR;
				GCC_WARN_UNDECLARED_SELECTOR = YES;
				GCC_WARN_UNINITIALIZED_AUTOS = YES_AGGRESSIVE;
				GCC_WARN_UNUSED_FUNCTION = YES;
				GCC_WARN_UNUSED_VARIABLE = YES;
				IPHONEOS_DEPLOYMENT_TARGET = 8.3;
				MTL_ENABLE_DEBUG_INFO = YES;
				ONLY_ACTIVE_ARCH = YES;
				SDKROOT = iphoneos;
				TARGETED_DEVICE_FAMILY = "1,2";
			};
			name = Debug;
		};
		AF77E45E1D157BC4002B6324 /* Release */ = {
			isa = XCBuildConfiguration;
			buildSettings = {
				ALWAYS_SEARCH_USER_PATHS = NO;
				CLANG_ANALYZER_NONNULL = YES;
				CLANG_CXX_LANGUAGE_STANDARD = "gnu++0x";
				CLANG_CXX_LIBRARY = "libc++";
				CLANG_ENABLE_MODULES = YES;
				CLANG_ENABLE_OBJC_ARC = YES;
				CLANG_WARN_BOOL_CONVERSION = YES;
				CLANG_WARN_CONSTANT_CONVERSION = YES;
				CLANG_WARN_DIRECT_OBJC_ISA_USAGE = YES_ERROR;
				CLANG_WARN_EMPTY_BODY = YES;
				CLANG_WARN_ENUM_CONVERSION = YES;
				CLANG_WARN_INT_CONVERSION = YES;
				CLANG_WARN_OBJC_ROOT_CLASS = YES_ERROR;
				CLANG_WARN_UNREACHABLE_CODE = YES;
				CLANG_WARN__DUPLICATE_METHOD_MATCH = YES;
				"CODE_SIGN_IDENTITY[sdk=iphoneos*]" = "iPhone Developer";
				COPY_PHASE_STRIP = NO;
				DEBUG_INFORMATION_FORMAT = "dwarf-with-dsym";
				ENABLE_NS_ASSERTIONS = NO;
				ENABLE_STRICT_OBJC_MSGSEND = YES;
				GCC_C_LANGUAGE_STANDARD = gnu99;
				GCC_NO_COMMON_BLOCKS = YES;
				GCC_WARN_64_TO_32_BIT_CONVERSION = YES;
				GCC_WARN_ABOUT_RETURN_TYPE = YES_ERROR;
				GCC_WARN_UNDECLARED_SELECTOR = YES;
				GCC_WARN_UNINITIALIZED_AUTOS = YES_AGGRESSIVE;
				GCC_WARN_UNUSED_FUNCTION = YES;
				GCC_WARN_UNUSED_VARIABLE = YES;
				IPHONEOS_DEPLOYMENT_TARGET = 8.3;
				MTL_ENABLE_DEBUG_INFO = NO;
				SDKROOT = iphoneos;
				TARGETED_DEVICE_FAMILY = "1,2";
				VALIDATE_PRODUCT = YES;
			};
			name = Release;
		};
		AF77E4601D157BC4002B6324 /* Debug */ = {
			isa = XCBuildConfiguration;
			buildSettings = {
				ASSETCATALOG_COMPILER_APPICON_NAME = AppIcon;
				INFOPLIST_FILE = HaoShiTang/Info.plist;
				LD_RUNPATH_SEARCH_PATHS = "$(inherited) @executable_path/Frameworks";
				PRODUCT_BUNDLE_IDENTIFIER = come.zhanglu.HaoShiTang;
				PRODUCT_NAME = "$(TARGET_NAME)";
				TARGETED_DEVICE_FAMILY = 1;
			};
			name = Debug;
		};
		AF77E4611D157BC4002B6324 /* Release */ = {
			isa = XCBuildConfiguration;
			buildSettings = {
				ASSETCATALOG_COMPILER_APPICON_NAME = AppIcon;
				INFOPLIST_FILE = HaoShiTang/Info.plist;
				LD_RUNPATH_SEARCH_PATHS = "$(inherited) @executable_path/Frameworks";
				PRODUCT_BUNDLE_IDENTIFIER = come.zhanglu.HaoShiTang;
				PRODUCT_NAME = "$(TARGET_NAME)";
				TARGETED_DEVICE_FAMILY = 1;
			};
			name = Release;
		};
/* End XCBuildConfiguration section */

/* Begin XCConfigurationList section */
		AF77E4431D157BC3002B6324 /* Build configuration list for PBXProject "HaoShiTang" */ = {
			isa = XCConfigurationList;
			buildConfigurations = (
				AF77E45D1D157BC4002B6324 /* Debug */,
				AF77E45E1D157BC4002B6324 /* Release */,
			);
			defaultConfigurationIsVisible = 0;
			defaultConfigurationName = Release;
		};
		AF77E45F1D157BC4002B6324 /* Build configuration list for PBXNativeTarget "HaoShiTang" */ = {
			isa = XCConfigurationList;
			buildConfigurations = (
				AF77E4601D157BC4002B6324 /* Debug */,
				AF77E4611D157BC4002B6324 /* Release */,
			);
			defaultConfigurationIsVisible = 0;
			defaultConfigurationName = Release;
		};
/* End XCConfigurationList section */
	};
	rootObject = AF77E4401D157BC3002B6324 /* Project object */;
}
